
Microsoft Visual Studio Solution File, Format Version 12.00
# Visual Studio Version 17
VisualStudioVersion = 17.5.002.0
MinimumVisualStudioVersion = 10.0.40219.1
Project("{9A19103F-16F7-4668-BE54-9A1E7A4F7556}") = "KhontamwebAPI", "KhontamwebAPI.csproj", "{E7493868-A8BE-42B8-9974-1DFD8B9A8417}"
EndProject
Global
	GlobalSection(SolutionConfigurationPlatforms) = preSolution
		Debug|Any CPU = Debug|Any CPU
		Release|Any CPU = Release|Any CPU
	EndGlobalSection
	GlobalSection(ProjectConfigurationPlatforms) = postSolution
		{E7493868-A8BE-42B8-9974-1DFD8B9A8417}.Debug|Any CPU.ActiveCfg = Debug|Any CPU
		{E7493868-A8BE-42B8-9974-1DFD8B9A8417}.Debug|Any CPU.Build.0 = Debug|Any CPU
		{E7493868-A8BE-42B8-9974-1DFD8B9A8417}.Release|Any CPU.ActiveCfg = Release|Any CPU
		{E7493868-A8BE-42B8-9974-1DFD8B9A8417}.Release|Any CPU.Build.0 = Release|Any CPU
	EndGlobalSection
	GlobalSection(SolutionProperties) = preSolution
		HideSolutionNode = FALSE
	EndGlobalSection
	GlobalSection(ExtensibilityGlobals) = postSolution
		SolutionGuid = {121DECB6-4ED7-42FA-8D13-7EAC4AC381F6}
	EndGlobalSection
EndGlobal
